{
  "name": "geometrics-example",
  "version": "1.0.0",
  "lockfileVersion": 2,
  "requires": true,
  "packages": {
    "": {
      "name": "geometrics-example",
      "version": "1.0.0",
      "license": "ISC",
      "dependencies": {
        "geometrics": "file:../deps/geometrics/priv/static"
      }
    },
    "../deps/geometrics/priv/static": {},
    "node_modules/geometrics": {
      "resolved": "../deps/geometrics/priv/static",
      "link": true
    }
  },
  "dependencies": {
    "geometrics": {
      "version": "file:../deps/geometrics/priv/static"
    }
  }
}
